
Microsoft Visual Studio Solution File, Format Version 12.00
# Visual Studio Version 17
VisualStudioVersion = 17.1.32319.34
MinimumVisualStudioVersion = 10.0.40219.1
Project("{9A19103F-16F7-4668-BE54-9A1E7A4F7556}") = "ODSaleOrder.API", "ODSaleOrder.API\ODSaleOrder.API.csproj", "{F1D4386A-F95B-44AA-8379-33CEE9ABD0EF}"
EndProject
Project("{9A19103F-16F7-4668-BE54-9A1E7A4F7556}") = "Sys.Common", "Sys.Common\Sys.Common.csproj", "{8F03FC26-2164-4003-BAB5-70F80C93A127}"
EndProject
Global
	GlobalSection(SolutionConfigurationPlatforms) = preSolution
		Debug|Any CPU = Debug|Any CPU
		Release|Any CPU = Release|Any CPU
	EndGlobalSection
	GlobalSection(ProjectConfigurationPlatforms) = postSolution
		{F1D4386A-F95B-44AA-8379-33CEE9ABD0EF}.Debug|Any CPU.ActiveCfg = Debug|Any CPU
		{F1D4386A-F95B-44AA-8379-33CEE9ABD0EF}.Debug|Any CPU.Build.0 = Debug|Any CPU
		{F1D4386A-F95B-44AA-8379-33CEE9ABD0EF}.Release|Any CPU.ActiveCfg = Release|Any CPU
		{F1D4386A-F95B-44AA-8379-33CEE9ABD0EF}.Release|Any CPU.Build.0 = Release|Any CPU
		{8F03FC26-2164-4003-BAB5-70F80C93A127}.Debug|Any CPU.ActiveCfg = Debug|Any CPU
		{8F03FC26-2164-4003-BAB5-70F80C93A127}.Debug|Any CPU.Build.0 = Debug|Any CPU
		{8F03FC26-2164-4003-BAB5-70F80C93A127}.Release|Any CPU.ActiveCfg = Release|Any CPU
		{8F03FC26-2164-4003-BAB5-70F80C93A127}.Release|Any CPU.Build.0 = Release|Any CPU
	EndGlobalSection
	GlobalSection(SolutionProperties) = preSolution
		HideSolutionNode = FALSE
	EndGlobalSection
	GlobalSection(ExtensibilityGlobals) = postSolution
		SolutionGuid = {0FCE1449-59D3-423D-AC10-7C2084DBAF0E}
	EndGlobalSection
EndGlobal
